{
  "version": 4,
  "terraform_version": "0.13.2",
  "serial": 9,
  "lineage": "a3b38c8d-83b5-f1ab-654b-7d1ac183c3e2",
  "outputs": {
    "udacity_cand_c2_lambda_greeting": {
      "value": "Hello from Udacity!",
      "type": "string"
    }
  },
  "resources": [
    {
      "mode": "managed",
      "type": "aws_cloudwatch_log_group",
      "name": "udacity_cand_c2_lambda_log_group",
      "provider": "provider[\"registry.terraform.io/hashicorp/aws\"]",
      "instances": [
        {
          "schema_version": 0,
          "attributes": {
            "arn": "arn:aws:logs:eu-west-2:215884729453:log-group:/aws/lambda/udacity_cand_c2_greet_lambda:*",
            "id": "/aws/lambda/udacity_cand_c2_greet_lambda",
            "kms_key_id": "",
            "name": "/aws/lambda/udacity_cand_c2_greet_lambda",
            "name_prefix": null,
            "retention_in_days": 1,
            "tags": null
          },
          "private": "bnVsbA==",
          "dependencies": [
            "aws_lambda_function.udacity_cand_c2_lambda"
          ]
        }
      ]
    },
    {
      "mode": "managed",
      "type": "aws_iam_policy",
      "name": "lambda_logging",
      "provider": "provider[\"registry.terraform.io/hashicorp/aws\"]",
      "instances": [
        {
          "schema_version": 0,
          "attributes": {
            "arn": "arn:aws:iam::215884729453:policy/lambda_logging",
            "description": "IAM policy for logging from a lambda",
            "id": "arn:aws:iam::215884729453:policy/lambda_logging",
            "name": "lambda_logging",
            "name_prefix": null,
            "path": "/",
            "policy": "{\n  \"Version\": \"2012-10-17\",\n  \"Statement\": [\n    {\n      \"Action\": [\n        \"logs:CreateLogGroup\",\n        \"logs:CreateLogStream\",\n        \"logs:PutLogEvents\"\n      ],\n      \"Resource\": \"arn:aws:logs:*:*:*\",\n      \"Effect\": \"Allow\"\n    }\n  ]\n}\n"
          },
          "private": "bnVsbA=="
        }
      ]
    },
    {
      "mode": "managed",
      "type": "aws_iam_role",
      "name": "udacity_cand_c2_role",
      "provider": "provider[\"registry.terraform.io/hashicorp/aws\"]",
      "instances": [
        {
          "schema_version": 0,
          "attributes": {
            "arn": "arn:aws:iam::215884729453:role/udacity_cand_c2_role",
            "assume_role_policy": "{\"Version\":\"2012-10-17\",\"Statement\":[{\"Sid\":\"\",\"Effect\":\"Allow\",\"Principal\":{\"Service\":\"lambda.amazonaws.com\"},\"Action\":\"sts:AssumeRole\"}]}",
            "create_date": "2020-10-22T07:13:35Z",
            "description": "",
            "force_detach_policies": false,
            "id": "udacity_cand_c2_role",
            "max_session_duration": 3600,
            "name": "udacity_cand_c2_role",
            "name_prefix": null,
            "path": "/",
            "permissions_boundary": null,
            "tags": {},
            "unique_id": "AROATEQ53RRW3XVWQDXWC"
          },
          "private": "bnVsbA=="
        }
      ]
    },
    {
      "mode": "managed",
      "type": "aws_iam_role_policy_attachment",
      "name": "lambda_logs",
      "provider": "provider[\"registry.terraform.io/hashicorp/aws\"]",
      "instances": [
        {
          "schema_version": 0,
          "attributes": {
            "id": "udacity_cand_c2_role-20201022075528242300000001",
            "policy_arn": "arn:aws:iam::215884729453:policy/lambda_logging",
            "role": "udacity_cand_c2_role"
          },
          "private": "bnVsbA==",
          "dependencies": [
            "aws_iam_policy.lambda_logging",
            "aws_iam_role.udacity_cand_c2_role"
          ]
        }
      ]
    },
    {
      "mode": "managed",
      "type": "aws_lambda_function",
      "name": "udacity_cand_c2_lambda",
      "provider": "provider[\"registry.terraform.io/hashicorp/aws\"]",
      "instances": [
        {
          "schema_version": 0,
          "attributes": {
            "arn": "arn:aws:lambda:eu-west-2:215884729453:function:udacity_cand_c2_greet_lambda",
            "dead_letter_config": [],
            "description": "",
            "environment": [
              {
                "variables": {
                  "greeting": "Hello from Udacity!"
                }
              }
            ],
            "file_system_config": [],
            "filename": "greet_lambda.zip",
            "function_name": "udacity_cand_c2_greet_lambda",
            "handler": "greet_lambda.lambda_handler",
            "id": "udacity_cand_c2_greet_lambda",
            "invoke_arn": "arn:aws:apigateway:eu-west-2:lambda:path/2015-03-31/functions/arn:aws:lambda:eu-west-2:215884729453:function:udacity_cand_c2_greet_lambda/invocations",
            "kms_key_arn": "",
            "last_modified": "2020-10-22T07:19:29.651+0000",
            "layers": [],
            "memory_size": 128,
            "publish": false,
            "qualified_arn": "arn:aws:lambda:eu-west-2:215884729453:function:udacity_cand_c2_greet_lambda:$LATEST",
            "reserved_concurrent_executions": -1,
            "role": "arn:aws:iam::215884729453:role/udacity_cand_c2_role",
            "runtime": "python3.8",
            "s3_bucket": null,
            "s3_key": null,
            "s3_object_version": null,
            "source_code_hash": "R7afy6eQKcaBR73i1l0GyXB2sh8D83/6RTg5B0mMRcU=",
            "source_code_size": 279,
            "tags": {},
            "timeout": 3,
            "timeouts": null,
            "tracing_config": [
              {
                "mode": "PassThrough"
              }
            ],
            "version": "$LATEST",
            "vpc_config": []
          },
          "private": "eyJlMmJmYjczMC1lY2FhLTExZTYtOGY4OC0zNDM2M2JjN2M0YzAiOnsiY3JlYXRlIjo2MDAwMDAwMDAwMDB9fQ==",
          "dependencies": [
            "aws_iam_role.udacity_cand_c2_role"
          ]
        }
      ]
    }
  ]
}
