{
  "version": 4,
  "terraform_version": "0.13.2",
  "serial": 59,
  "lineage": "477c2c18-cbb5-58a5-d3a7-bfba26993d14",
  "outputs": {},
  "resources": [
    {
      "mode": "managed",
      "type": "aws_autoscaling_group",
      "name": "udacity_cand_c2_t2_asg",
      "provider": "provider[\"registry.terraform.io/hashicorp/aws\"]",
      "instances": [
        {
          "schema_version": 0,
          "attributes": {
            "arn": "arn:aws:autoscaling:eu-west-2:215884729453:autoScalingGroup:3c470053-473c-4182-8880-75a94e660381:autoScalingGroupName/udacity_t2_20201022074426637400000001-asg",
            "availability_zones": [
              "eu-west-2a"
            ],
            "default_cooldown": 300,
            "desired_capacity": 4,
            "enabled_metrics": [],
            "force_delete": false,
            "health_check_grace_period": 300,
            "health_check_type": "EC2",
            "id": "udacity_t2_20201022074426637400000001-asg",
            "initial_lifecycle_hook": [],
            "launch_configuration": "udacity_t2_20201022074426637400000001",
            "launch_template": [],
            "load_balancers": [],
            "max_instance_lifetime": 0,
            "max_size": 4,
            "metrics_granularity": "1Minute",
            "min_elb_capacity": null,
            "min_size": 4,
            "mixed_instances_policy": [],
            "name": "udacity_t2_20201022074426637400000001-asg",
            "name_prefix": null,
            "placement_group": "",
            "protect_from_scale_in": false,
            "service_linked_role_arn": "arn:aws:iam::215884729453:role/aws-service-role/autoscaling.amazonaws.com/AWSServiceRoleForAutoScaling",
            "suspended_processes": [],
            "tag": [],
            "tags": null,
            "target_group_arns": [],
            "termination_policies": [],
            "timeouts": null,
            "vpc_zone_identifier": [
              "subnet-02fad0250ee1faf03"
            ],
            "wait_for_capacity_timeout": "10m",
            "wait_for_elb_capacity": null
          },
          "private": "eyJlMmJmYjczMC1lY2FhLTExZTYtOGY4OC0zNDM2M2JjN2M0YzAiOnsiZGVsZXRlIjo2MDAwMDAwMDAwMDB9fQ==",
          "dependencies": [
            "aws_launch_configuration.udacity_cand_c2_t2_lc",
            "aws_security_group.udacity_cand_c2_sg",
            "aws_subnet.udacity_cand_c2_public_subnet_1",
            "aws_vpc.udacity_cand_c2_vpc"
          ],
          "create_before_destroy": true
        }
      ]
    },
    {
      "mode": "managed",
      "type": "aws_internet_gateway",
      "name": "udacity_cand_c2_gw",
      "provider": "provider[\"registry.terraform.io/hashicorp/aws\"]",
      "instances": [
        {
          "schema_version": 0,
          "attributes": {
            "arn": "arn:aws:ec2:eu-west-2:215884729453:internet-gateway/igw-024c4e244371c8f2c",
            "id": "igw-024c4e244371c8f2c",
            "owner_id": "215884729453",
            "tags": {
              "environment": "dev"
            },
            "vpc_id": "vpc-03cd3c85583b3106c"
          },
          "private": "bnVsbA==",
          "dependencies": [
            "aws_vpc.udacity_cand_c2_vpc"
          ]
        }
      ]
    },
    {
      "mode": "managed",
      "type": "aws_launch_configuration",
      "name": "udacity_cand_c2_t2_lc",
      "provider": "provider[\"registry.terraform.io/hashicorp/aws\"]",
      "instances": [
        {
          "schema_version": 0,
          "attributes": {
            "arn": "arn:aws:autoscaling:eu-west-2:215884729453:launchConfiguration:1253776a-8e74-4f8a-af49-ae9f7c12296b:launchConfigurationName/udacity_t2_20201022074426637400000001",
            "associate_public_ip_address": true,
            "ebs_block_device": [],
            "ebs_optimized": false,
            "enable_monitoring": true,
            "ephemeral_block_device": [],
            "iam_instance_profile": "",
            "id": "udacity_t2_20201022074426637400000001",
            "image_id": "ami-0a669382ea0feb73a",
            "instance_type": "t2.micro",
            "key_name": "eb-macbook",
            "name": "udacity_t2_20201022074426637400000001",
            "name_prefix": "udacity_t2_",
            "placement_tenancy": null,
            "root_block_device": [],
            "security_groups": [
              "sg-0eaf71c24680a2121"
            ],
            "spot_price": "",
            "user_data": null,
            "user_data_base64": null,
            "vpc_classic_link_id": "",
            "vpc_classic_link_security_groups": []
          },
          "private": "bnVsbA==",
          "dependencies": [
            "aws_security_group.udacity_cand_c2_sg",
            "aws_vpc.udacity_cand_c2_vpc"
          ],
          "create_before_destroy": true
        }
      ]
    },
    {
      "mode": "managed",
      "type": "aws_route",
      "name": "udacity_cand_c2_internet_access",
      "provider": "provider[\"registry.terraform.io/hashicorp/aws\"]",
      "instances": [
        {
          "schema_version": 0,
          "attributes": {
            "destination_cidr_block": "0.0.0.0/0",
            "destination_ipv6_cidr_block": "",
            "destination_prefix_list_id": "",
            "egress_only_gateway_id": "",
            "gateway_id": "igw-024c4e244371c8f2c",
            "id": "r-rtb-0bf1acfc41ee96a591080289494",
            "instance_id": "",
            "instance_owner_id": "",
            "nat_gateway_id": "",
            "network_interface_id": "",
            "origin": "CreateRoute",
            "route_table_id": "rtb-0bf1acfc41ee96a59",
            "state": "active",
            "timeouts": null,
            "transit_gateway_id": "",
            "vpc_peering_connection_id": ""
          },
          "private": "eyJlMmJmYjczMC1lY2FhLTExZTYtOGY4OC0zNDM2M2JjN2M0YzAiOnsiY3JlYXRlIjoxMjAwMDAwMDAwMDAsImRlbGV0ZSI6MzAwMDAwMDAwMDAwfX0=",
          "dependencies": [
            "aws_internet_gateway.udacity_cand_c2_gw",
            "aws_route_table.udacity_cand_c2_public_rt",
            "aws_vpc.udacity_cand_c2_vpc"
          ]
        }
      ]
    },
    {
      "mode": "managed",
      "type": "aws_route_table",
      "name": "udacity_cand_c2_public_rt",
      "provider": "provider[\"registry.terraform.io/hashicorp/aws\"]",
      "instances": [
        {
          "schema_version": 0,
          "attributes": {
            "id": "rtb-0bf1acfc41ee96a59",
            "owner_id": "215884729453",
            "propagating_vgws": [],
            "route": [
              {
                "cidr_block": "0.0.0.0/0",
                "egress_only_gateway_id": "",
                "gateway_id": "igw-024c4e244371c8f2c",
                "instance_id": "",
                "ipv6_cidr_block": "",
                "nat_gateway_id": "",
                "network_interface_id": "",
                "transit_gateway_id": "",
                "vpc_peering_connection_id": ""
              }
            ],
            "tags": {
              "environment": "dev"
            },
            "vpc_id": "vpc-03cd3c85583b3106c"
          },
          "private": "bnVsbA==",
          "dependencies": [
            "aws_vpc.udacity_cand_c2_vpc"
          ]
        }
      ]
    },
    {
      "mode": "managed",
      "type": "aws_route_table_association",
      "name": "udacity_cand_c2_public_rt_association",
      "provider": "provider[\"registry.terraform.io/hashicorp/aws\"]",
      "instances": [
        {
          "schema_version": 0,
          "attributes": {
            "gateway_id": null,
            "id": "rtbassoc-044404b193a953733",
            "route_table_id": "rtb-0bf1acfc41ee96a59",
            "subnet_id": "subnet-02fad0250ee1faf03"
          },
          "private": "bnVsbA==",
          "dependencies": [
            "aws_route_table.udacity_cand_c2_public_rt",
            "aws_subnet.udacity_cand_c2_public_subnet_1",
            "aws_vpc.udacity_cand_c2_vpc"
          ]
        }
      ]
    },
    {
      "mode": "managed",
      "type": "aws_security_group",
      "name": "udacity_cand_c2_sg",
      "provider": "provider[\"registry.terraform.io/hashicorp/aws\"]",
      "instances": [
        {
          "schema_version": 1,
          "attributes": {
            "arn": "arn:aws:ec2:eu-west-2:215884729453:security-group/sg-0eaf71c24680a2121",
            "description": "SG for EC2 instances",
            "egress": [
              {
                "cidr_blocks": [
                  "0.0.0.0/0"
                ],
                "description": "",
                "from_port": 0,
                "ipv6_cidr_blocks": [],
                "prefix_list_ids": [],
                "protocol": "-1",
                "security_groups": [],
                "self": false,
                "to_port": 0
              }
            ],
            "id": "sg-0eaf71c24680a2121",
            "ingress": [
              {
                "cidr_blocks": [
                  "0.0.0.0/0"
                ],
                "description": "",
                "from_port": 22,
                "ipv6_cidr_blocks": [],
                "prefix_list_ids": [],
                "protocol": "tcp",
                "security_groups": [],
                "self": false,
                "to_port": 22
              }
            ],
            "name": "SG for EC2 instances",
            "name_prefix": null,
            "owner_id": "215884729453",
            "revoke_rules_on_delete": false,
            "tags": {
              "environment": "dev"
            },
            "timeouts": null,
            "vpc_id": "vpc-03cd3c85583b3106c"
          },
          "private": "eyJlMmJmYjczMC1lY2FhLTExZTYtOGY4OC0zNDM2M2JjN2M0YzAiOnsiY3JlYXRlIjo2MDAwMDAwMDAwMDAsImRlbGV0ZSI6NjAwMDAwMDAwMDAwfSwic2NoZW1hX3ZlcnNpb24iOiIxIn0=",
          "dependencies": [
            "aws_vpc.udacity_cand_c2_vpc"
          ],
          "create_before_destroy": true
        }
      ]
    },
    {
      "mode": "managed",
      "type": "aws_subnet",
      "name": "udacity_cand_c2_public_subnet_1",
      "provider": "provider[\"registry.terraform.io/hashicorp/aws\"]",
      "instances": [
        {
          "schema_version": 1,
          "attributes": {
            "arn": "arn:aws:ec2:eu-west-2:215884729453:subnet/subnet-02fad0250ee1faf03",
            "assign_ipv6_address_on_creation": false,
            "availability_zone": "eu-west-2a",
            "availability_zone_id": "euw2-az2",
            "cidr_block": "10.0.1.0/24",
            "id": "subnet-02fad0250ee1faf03",
            "ipv6_cidr_block": "",
            "ipv6_cidr_block_association_id": "",
            "map_public_ip_on_launch": true,
            "outpost_arn": "",
            "owner_id": "215884729453",
            "tags": {
              "environment": "dev"
            },
            "timeouts": null,
            "vpc_id": "vpc-03cd3c85583b3106c"
          },
          "private": "eyJlMmJmYjczMC1lY2FhLTExZTYtOGY4OC0zNDM2M2JjN2M0YzAiOnsiY3JlYXRlIjo2MDAwMDAwMDAwMDAsImRlbGV0ZSI6MTIwMDAwMDAwMDAwMH0sInNjaGVtYV92ZXJzaW9uIjoiMSJ9",
          "dependencies": [
            "aws_vpc.udacity_cand_c2_vpc"
          ],
          "create_before_destroy": true
        }
      ]
    },
    {
      "mode": "managed",
      "type": "aws_vpc",
      "name": "udacity_cand_c2_vpc",
      "provider": "provider[\"registry.terraform.io/hashicorp/aws\"]",
      "instances": [
        {
          "schema_version": 1,
          "attributes": {
            "arn": "arn:aws:ec2:eu-west-2:215884729453:vpc/vpc-03cd3c85583b3106c",
            "assign_generated_ipv6_cidr_block": false,
            "cidr_block": "10.0.0.0/16",
            "default_network_acl_id": "acl-0a7c5d467cb239ea3",
            "default_route_table_id": "rtb-049a5758abb026d3a",
            "default_security_group_id": "sg-08b448a629370e10b",
            "dhcp_options_id": "dopt-7d72bc14",
            "enable_classiclink": null,
            "enable_classiclink_dns_support": null,
            "enable_dns_hostnames": true,
            "enable_dns_support": true,
            "id": "vpc-03cd3c85583b3106c",
            "instance_tenancy": "default",
            "ipv6_association_id": "",
            "ipv6_cidr_block": "",
            "main_route_table_id": "rtb-049a5758abb026d3a",
            "owner_id": "215884729453",
            "tags": {
              "environment": "dev"
            }
          },
          "private": "eyJzY2hlbWFfdmVyc2lvbiI6IjEifQ==",
          "create_before_destroy": true
        }
      ]
    }
  ]
}
